
Microsoft Visual Studio Solution File, Format Version 12.00
# Visual Studio Version 17
VisualStudioVersion = 17.1.32228.430
MinimumVisualStudioVersion = 10.0.40219.1
Project("{9A19103F-16F7-4668-BE54-9A1E7A4F7556}") = "CommerceBank", "CommerceBank\CommerceBank.csproj", "{A2B89C75-D3D7-4E13-BF82-E854BC9B1CF3}"
EndProject
Global
	GlobalSection(SolutionConfigurationPlatforms) = preSolution
		Debug|Any CPU = Debug|Any CPU
		Release|Any CPU = Release|Any CPU
	EndGlobalSection
	GlobalSection(ProjectConfigurationPlatforms) = postSolution
		{A2B89C75-D3D7-4E13-BF82-E854BC9B1CF3}.Debug|Any CPU.ActiveCfg = Debug|Any CPU
		{A2B89C75-D3D7-4E13-BF82-E854BC9B1CF3}.Debug|Any CPU.Build.0 = Debug|Any CPU
		{A2B89C75-D3D7-4E13-BF82-E854BC9B1CF3}.Release|Any CPU.ActiveCfg = Release|Any CPU
		{A2B89C75-D3D7-4E13-BF82-E854BC9B1CF3}.Release|Any CPU.Build.0 = Release|Any CPU
	EndGlobalSection
	GlobalSection(SolutionProperties) = preSolution
		HideSolutionNode = FALSE
	EndGlobalSection
	GlobalSection(ExtensibilityGlobals) = postSolution
		SolutionGuid = {B91E84B0-38C3-4AD4-B5F0-3D38F6949A7D}
	EndGlobalSection
EndGlobal
